
Microsoft Visual Studio Solution File, Format Version 12.00
# Visual Studio Version 17
VisualStudioVersion = 17.10.34707.107
MinimumVisualStudioVersion = 10.0.40219.1
Project("{FAE04EC0-301F-11D3-BF4B-00C04F79EFBC}") = "ctrl", "ctrl\ctrl.csproj", "{98E2E009-B757-4969-B137-C193783AB0D6}"
EndProject
Global
	GlobalSection(SolutionConfigurationPlatforms) = preSolution
		Debug|Any CPU = Debug|Any CPU
		Release|Any CPU = Release|Any CPU
	EndGlobalSection
	GlobalSection(ProjectConfigurationPlatforms) = postSolution
		{98E2E009-B757-4969-B137-C193783AB0D6}.Debug|Any CPU.ActiveCfg = Debug|Any CPU
		{98E2E009-B757-4969-B137-C193783AB0D6}.Debug|Any CPU.Build.0 = Debug|Any CPU
		{98E2E009-B757-4969-B137-C193783AB0D6}.Release|Any CPU.ActiveCfg = Release|Any CPU
		{98E2E009-B757-4969-B137-C193783AB0D6}.Release|Any CPU.Build.0 = Release|Any CPU
	EndGlobalSection
	GlobalSection(SolutionProperties) = preSolution
		HideSolutionNode = FALSE
	EndGlobalSection
	GlobalSection(ExtensibilityGlobals) = postSolution
		SolutionGuid = {ECCC6BFD-9F7C-41C2-A903-FA20B09F833A}
	EndGlobalSection
EndGlobal
